// !$*UTF8*$!
{
	archiveVersion = 1;
	classes = {
	};
	objectVersion = 50;
	objects = {

/* Begin PBXBuildFile section */
		A5404E0D268095D6009CBA6E /* AppDelegate.swift in Sources */ = {isa = PBXBuildFile; fileRef = A5404E0C268095D6009CBA6E /* AppDelegate.swift */; };
		A5404E0F268095D6009CBA6E /* SceneDelegate.swift in Sources */ = {isa = PBXBuildFile; fileRef = A5404E0E268095D6009CBA6E /* SceneDelegate.swift */; };
		A5404E11268095D6009CBA6E /* ViewController.swift in Sources */ = {isa = PBXBuildFile; fileRef = A5404E10268095D6009CBA6E /* ViewController.swift */; };
		A5404E14268095D6009CBA6E /* Main.storyboard in Resources */ = {isa = PBXBuildFile; fileRef = A5404E12268095D6009CBA6E /* Main.storyboard */; };
		A5404E16268095D7009CBA6E /* Assets.xcassets in Resources */ = {isa = PBXBuildFile; fileRef = A5404E15268095D7009CBA6E /* Assets.xcassets */; };
		A5404E19268095D7009CBA6E /* LaunchScreen.storyboard in Resources */ = {isa = PBXBuildFile; fileRef = A5404E17268095D7009CBA6E /* LaunchScreen.storyboard */; };
		A5404E24268095D7009CBA6E /* ImageSearchTests.swift in Sources */ = {isa = PBXBuildFile; fileRef = A5404E23268095D7009CBA6E /* ImageSearchTests.swift */; };
		A5404E2F268095D7009CBA6E /* ImageSearchUITests.swift in Sources */ = {isa = PBXBuildFile; fileRef = A5404E2E268095D7009CBA6E /* ImageSearchUITests.swift */; };
/* End PBXBuildFile section */

/* Begin PBXContainerItemProxy section */
		A5404E20268095D7009CBA6E /* PBXContainerItemProxy */ = {
			isa = PBXContainerItemProxy;
			containerPortal = A5404E01268095D6009CBA6E /* Project object */;
			proxyType = 1;
			remoteGlobalIDString = A5404E08268095D6009CBA6E;
			remoteInfo = ImageSearch;
		};
		A5404E2B268095D7009CBA6E /* PBXContainerItemProxy */ = {
			isa = PBXContainerItemProxy;
			containerPortal = A5404E01268095D6009CBA6E /* Project object */;
			proxyType = 1;
			remoteGlobalIDString = A5404E08268095D6009CBA6E;
			remoteInfo = ImageSearch;
		};
/* End PBXContainerItemProxy section */

/* Begin PBXFileReference section */
		A5404E09268095D6009CBA6E /* ImageSearch.app */ = {isa = PBXFileReference; explicitFileType = wrapper.application; includeInIndex = 0; path = ImageSearch.app; sourceTree = BUILT_PRODUCTS_DIR; };
		A5404E0C268095D6009CBA6E /* AppDelegate.swift */ = {isa = PBXFileReference; lastKnownFileType = sourcecode.swift; path = AppDelegate.swift; sourceTree = "<group>"; };
		A5404E0E268095D6009CBA6E /* SceneDelegate.swift */ = {isa = PBXFileReference; lastKnownFileType = sourcecode.swift; path = SceneDelegate.swift; sourceTree = "<group>"; };
		A5404E10268095D6009CBA6E /* ViewController.swift */ = {isa = PBXFileReference; lastKnownFileType = sourcecode.swift; path = ViewController.swift; sourceTree = "<group>"; };
		A5404E13268095D6009CBA6E /* Base */ = {isa = PBXFileReference; lastKnownFileType = file.storyboard; name = Base; path = Base.lproj/Main.storyboard; sourceTree = "<group>"; };
		A5404E15268095D7009CBA6E /* Assets.xcassets */ = {isa = PBXFileReference; lastKnownFileType = folder.assetcatalog; path = Assets.xcassets; sourceTree = "<group>"; };
		A5404E18268095D7009CBA6E /* Base */ = {isa = PBXFileReference; lastKnownFileType = file.storyboard; name = Base; path = Base.lproj/LaunchScreen.storyboard; sourceTree = "<group>"; };
		A5404E1A268095D7009CBA6E /* Info.plist */ = {isa = PBXFileReference; lastKnownFileType = text.plist.xml; path = Info.plist; sourceTree = "<group>"; };
		A5404E1F268095D7009CBA6E /* ImageSearchTests.xctest */ = {isa = PBXFileReference; explicitFileType = wrapper.cfbundle; includeInIndex = 0; path = ImageSearchTests.xctest; sourceTree = BUILT_PRODUCTS_DIR; };
		A5404E23268095D7009CBA6E /* ImageSearchTests.swift */ = {isa = PBXFileReference; lastKnownFileType = sourcecode.swift; path = ImageSearchTests.swift; sourceTree = "<group>"; };
		A5404E25268095D7009CBA6E /* Info.plist */ = {isa = PBXFileReference; lastKnownFileType = text.plist.xml; path = Info.plist; sourceTree = "<group>"; };
		A5404E2A268095D7009CBA6E /* ImageSearchUITests.xctest */ = {isa = PBXFileReference; explicitFileType = wrapper.cfbundle; includeInIndex = 0; path = ImageSearchUITests.xctest; sourceTree = BUILT_PRODUCTS_DIR; };
		A5404E2E268095D7009CBA6E /* ImageSearchUITests.swift */ = {isa = PBXFileReference; lastKnownFileType = sourcecode.swift; path = ImageSearchUITests.swift; sourceTree = "<group>"; };
		A5404E30268095D7009CBA6E /* Info.plist */ = {isa = PBXFileReference; lastKnownFileType = text.plist.xml; path = Info.plist; sourceTree = "<group>"; };
/* End PBXFileReference section */

/* Begin PBXFrameworksBuildPhase section */
		A5404E06268095D6009CBA6E /* Frameworks */ = {
			isa = PBXFrameworksBuildPhase;
			buildActionMask = 2147483647;
			files = (
			);
			runOnlyForDeploymentPostprocessing = 0;
		};
		A5404E1C268095D7009CBA6E /* Frameworks */ = {
			isa = PBXFrameworksBuildPhase;
			buildActionMask = 2147483647;
			files = (
			);
			runOnlyForDeploymentPostprocessing = 0;
		};
		A5404E27268095D7009CBA6E /* Frameworks */ = {
			isa = PBXFrameworksBuildPhase;
			buildActionMask = 2147483647;
			files = (
			);
			runOnlyForDeploymentPostprocessing = 0;
		};
/* End PBXFrameworksBuildPhase section */

/* Begin PBXGroup section */
		A5404E00268095D6009CBA6E = {
			isa = PBXGroup;
			children = (
				A5404E0B268095D6009CBA6E /* ImageSearch */,
				A5404E22268095D7009CBA6E /* ImageSearchTests */,
				A5404E2D268095D7009CBA6E /* ImageSearchUITests */,
				A5404E0A268095D6009CBA6E /* Products */,
			);
			sourceTree = "<group>";
		};
		A5404E0A268095D6009CBA6E /* Products */ = {
			isa = PBXGroup;
			children = (
				A5404E09268095D6009CBA6E /* ImageSearch.app */,
				A5404E1F268095D7009CBA6E /* ImageSearchTests.xctest */,
				A5404E2A268095D7009CBA6E /* ImageSearchUITests.xctest */,
			);
			name = Products;
			sourceTree = "<group>";
		};
		A5404E0B268095D6009CBA6E /* ImageSearch */ = {
			isa = PBXGroup;
			children = (
				A5404E0C268095D6009CBA6E /* AppDelegate.swift */,
				A5404E0E268095D6009CBA6E /* SceneDelegate.swift */,
				A5404E10268095D6009CBA6E /* ViewController.swift */,
				A5404E12268095D6009CBA6E /* Main.storyboard */,
				A5404E15268095D7009CBA6E /* Assets.xcassets */,
				A5404E17268095D7009CBA6E /* LaunchScreen.storyboard */,
				A5404E1A268095D7009CBA6E /* Info.plist */,
			);
			path = ImageSearch;
			sourceTree = "<group>";
		};
		A5404E22268095D7009CBA6E /* ImageSearchTests */ = {
			isa = PBXGroup;
			children = (
				A5404E23268095D7009CBA6E /* ImageSearchTests.swift */,
				A5404E25268095D7009CBA6E /* Info.plist */,
			);
			path = ImageSearchTests;
			sourceTree = "<group>";
		};
		A5404E2D268095D7009CBA6E /* ImageSearchUITests */ = {
			isa = PBXGroup;
			children = (
				A5404E2E268095D7009CBA6E /* ImageSearchUITests.swift */,
				A5404E30268095D7009CBA6E /* Info.plist */,
			);
			path = ImageSearchUITests;
			sourceTree = "<group>";
		};
/* End PBXGroup section */

/* Begin PBXNativeTarget section */
		A5404E08268095D6009CBA6E /* ImageSearch */ = {
			isa = PBXNativeTarget;
			buildConfigurationList = A5404E33268095D7009CBA6E /* Build configuration list for PBXNativeTarget "ImageSearch" */;
			buildPhases = (
				A5404E05268095D6009CBA6E /* Sources */,
				A5404E06268095D6009CBA6E /* Frameworks */,
				A5404E07268095D6009CBA6E /* Resources */,
			);
			buildRules = (
			);
			dependencies = (
			);
			name = ImageSearch;
			productName = ImageSearch;
			productReference = A5404E09268095D6009CBA6E /* ImageSearch.app */;
			productType = "com.apple.product-type.application";
		};
		A5404E1E268095D7009CBA6E /* ImageSearchTests */ = {
			isa = PBXNativeTarget;
			buildConfigurationList = A5404E36268095D7009CBA6E /* Build configuration list for PBXNativeTarget "ImageSearchTests" */;
			buildPhases = (
				A5404E1B268095D7009CBA6E /* Sources */,
				A5404E1C268095D7009CBA6E /* Frameworks */,
				A5404E1D268095D7009CBA6E /* Resources */,
			);
			buildRules = (
			);
			dependencies = (
				A5404E21268095D7009CBA6E /* PBXTargetDependency */,
			);
			name = ImageSearchTests;
			productName = ImageSearchTests;
			productReference = A5404E1F268095D7009CBA6E /* ImageSearchTests.xctest */;
			productType = "com.apple.product-type.bundle.unit-test";
		};
		A5404E29268095D7009CBA6E /* ImageSearchUITests */ = {
			isa = PBXNativeTarget;
			buildConfigurationList = A5404E39268095D7009CBA6E /* Build configuration list for PBXNativeTarget "ImageSearchUITests" */;
			buildPhases = (
				A5404E26268095D7009CBA6E /* Sources */,
				A5404E27268095D7009CBA6E /* Frameworks */,
				A5404E28268095D7009CBA6E /* Resources */,
			);
			buildRules = (
			);
			dependencies = (
				A5404E2C268095D7009CBA6E /* PBXTargetDependency */,
			);
			name = ImageSearchUITests;
			productName = ImageSearchUITests;
			productReference = A5404E2A268095D7009CBA6E /* ImageSearchUITests.xctest */;
			productType = "com.apple.product-type.bundle.ui-testing";
		};
/* End PBXNativeTarget section */

/* Begin PBXProject section */
		A5404E01268095D6009CBA6E /* Project object */ = {
			isa = PBXProject;
			attributes = {
				LastSwiftUpdateCheck = 1250;
				LastUpgradeCheck = 1250;
				TargetAttributes = {
					A5404E08268095D6009CBA6E = {
						CreatedOnToolsVersion = 12.5;
					};
					A5404E1E268095D7009CBA6E = {
						CreatedOnToolsVersion = 12.5;
						TestTargetID = A5404E08268095D6009CBA6E;
					};
					A5404E29268095D7009CBA6E = {
						CreatedOnToolsVersion = 12.5;
						TestTargetID = A5404E08268095D6009CBA6E;
					};
				};
			};
			buildConfigurationList = A5404E04268095D6009CBA6E /* Build configuration list for PBXProject "ImageSearch" */;
			compatibilityVersion = "Xcode 9.3";
			developmentRegion = en;
			hasScannedForEncodings = 0;
			knownRegions = (
				en,
				Base,
			);
			mainGroup = A5404E00268095D6009CBA6E;
			productRefGroup = A5404E0A268095D6009CBA6E /* Products */;
			projectDirPath = "";
			projectRoot = "";
			targets = (
				A5404E08268095D6009CBA6E /* ImageSearch */,
				A5404E1E268095D7009CBA6E /* ImageSearchTests */,
				A5404E29268095D7009CBA6E /* ImageSearchUITests */,
			);
		};
/* End PBXProject section */

/* Begin PBXResourcesBuildPhase section */
		A5404E07268095D6009CBA6E /* Resources */ = {
			isa = PBXResourcesBuildPhase;
			buildActionMask = 2147483647;
			files = (
				A5404E19268095D7009CBA6E /* LaunchScreen.storyboard in Resources */,
				A5404E16268095D7009CBA6E /* Assets.xcassets in Resources */,
				A5404E14268095D6009CBA6E /* Main.storyboard in Resources */,
			);
			runOnlyForDeploymentPostprocessing = 0;
		};
		A5404E1D268095D7009CBA6E /* Resources */ = {
			isa = PBXResourcesBuildPhase;
			buildActionMask = 2147483647;
			files = (
			);
			runOnlyForDeploymentPostprocessing = 0;
		};
		A5404E28268095D7009CBA6E /* Resources */ = {
			isa = PBXResourcesBuildPhase;
			buildActionMask = 2147483647;
			files = (
			);
			runOnlyForDeploymentPostprocessing = 0;
		};
/* End PBXResourcesBuildPhase section */

/* Begin PBXSourcesBuildPhase section */
		A5404E05268095D6009CBA6E /* Sources */ = {
			isa = PBXSourcesBuildPhase;
			buildActionMask = 2147483647;
			files = (
				A5404E11268095D6009CBA6E /* ViewController.swift in Sources */,
				A5404E0D268095D6009CBA6E /* AppDelegate.swift in Sources */,
				A5404E0F268095D6009CBA6E /* SceneDelegate.swift in Sources */,
			);
			runOnlyForDeploymentPostprocessing = 0;
		};
		A5404E1B268095D7009CBA6E /* Sources */ = {
			isa = PBXSourcesBuildPhase;
			buildActionMask = 2147483647;
			files = (
				A5404E24268095D7009CBA6E /* ImageSearchTests.swift in Sources */,
			);
			runOnlyForDeploymentPostprocessing = 0;
		};
		A5404E26268095D7009CBA6E /* Sources */ = {
			isa = PBXSourcesBuildPhase;
			buildActionMask = 2147483647;
			files = (
				A5404E2F268095D7009CBA6E /* ImageSearchUITests.swift in Sources */,
			);
			runOnlyForDeploymentPostprocessing = 0;
		};
/* End PBXSourcesBuildPhase section */

/* Begin PBXTargetDependency section */
		A5404E21268095D7009CBA6E /* PBXTargetDependency */ = {
			isa = PBXTargetDependency;
			target = A5404E08268095D6009CBA6E /* ImageSearch */;
			targetProxy = A5404E20268095D7009CBA6E /* PBXContainerItemProxy */;
		};
		A5404E2C268095D7009CBA6E /* PBXTargetDependency */ = {
			isa = PBXTargetDependency;
			target = A5404E08268095D6009CBA6E /* ImageSearch */;
			targetProxy = A5404E2B268095D7009CBA6E /* PBXContainerItemProxy */;
		};
/* End PBXTargetDependency section */

/* Begin PBXVariantGroup section */
		A5404E12268095D6009CBA6E /* Main.storyboard */ = {
			isa = PBXVariantGroup;
			children = (
				A5404E13268095D6009CBA6E /* Base */,
			);
			name = Main.storyboard;
			sourceTree = "<group>";
		};
		A5404E17268095D7009CBA6E /* LaunchScreen.storyboard */ = {
			isa = PBXVariantGroup;
			children = (
				A5404E18268095D7009CBA6E /* Base */,
			);
			name = LaunchScreen.storyboard;
			sourceTree = "<group>";
		};
/* End PBXVariantGroup section */

/* Begin XCBuildConfiguration section */
		A5404E31268095D7009CBA6E /* Debug */ = {
			isa = XCBuildConfiguration;
			buildSettings = {
				ALWAYS_SEARCH_USER_PATHS = NO;
				CLANG_ANALYZER_NONNULL = YES;
				CLANG_ANALYZER_NUMBER_OBJECT_CONVERSION = YES_AGGRESSIVE;
				CLANG_CXX_LANGUAGE_STANDARD = "gnu++14";
				CLANG_CXX_LIBRARY = "libc++";
				CLANG_ENABLE_MODULES = YES;
				CLANG_ENABLE_OBJC_ARC = YES;
				CLANG_ENABLE_OBJC_WEAK = YES;
				CLANG_WARN_BLOCK_CAPTURE_AUTORELEASING = YES;
				CLANG_WARN_BOOL_CONVERSION = YES;
				CLANG_WARN_COMMA = YES;
				CLANG_WARN_CONSTANT_CONVERSION = YES;
				CLANG_WARN_DEPRECATED_OBJC_IMPLEMENTATIONS = YES;
				CLANG_WARN_DIRECT_OBJC_ISA_USAGE = YES_ERROR;
				CLANG_WARN_DOCUMENTATION_COMMENTS = YES;
				CLANG_WARN_EMPTY_BODY = YES;
				CLANG_WARN_ENUM_CONVERSION = YES;
				CLANG_WARN_INFINITE_RECURSION = YES;
				CLANG_WARN_INT_CONVERSION = YES;
				CLANG_WARN_NON_LITERAL_NULL_CONVERSION = YES;
				CLANG_WARN_OBJC_IMPLICIT_RETAIN_SELF = YES;
				CLANG_WARN_OBJC_LITERAL_CONVERSION = YES;
				CLANG_WARN_OBJC_ROOT_CLASS = YES_ERROR;
				CLANG_WARN_QUOTED_INCLUDE_IN_FRAMEWORK_HEADER = YES;
				CLANG_WARN_RANGE_LOOP_ANALYSIS = YES;
				CLANG_WARN_STRICT_PROTOTYPES = YES;
				CLANG_WARN_SUSPICIOUS_MOVE = YES;
				CLANG_WARN_UNGUARDED_AVAILABILITY = YES_AGGRESSIVE;
				CLANG_WARN_UNREACHABLE_CODE = YES;
				CLANG_WARN__DUPLICATE_METHOD_MATCH = YES;
				COPY_PHASE_STRIP = NO;
				DEBUG_INFORMATION_FORMAT = dwarf;
				ENABLE_STRICT_OBJC_MSGSEND = YES;
				ENABLE_TESTABILITY = YES;
				GCC_C_LANGUAGE_STANDARD = gnu11;
				GCC_DYNAMIC_NO_PIC = NO;
				GCC_NO_COMMON_BLOCKS = YES;
				GCC_OPTIMIZATION_LEVEL = 0;
				GCC_PREPROCESSOR_DEFINITIONS = (
					"DEBUG=1",
					"$(inherited)",
				);
				GCC_WARN_64_TO_32_BIT_CONVERSION = YES;
				GCC_WARN_ABOUT_RETURN_TYPE = YES_ERROR;
				GCC_WARN_UNDECLARED_SELECTOR = YES;
				GCC_WARN_UNINITIALIZED_AUTOS = YES_AGGRESSIVE;
				GCC_WARN_UNUSED_FUNCTION = YES;
				GCC_WARN_UNUSED_VARIABLE = YES;
				IPHONEOS_DEPLOYMENT_TARGET = 14.5;
				MTL_ENABLE_DEBUG_INFO = INCLUDE_SOURCE;
				MTL_FAST_MATH = YES;
				ONLY_ACTIVE_ARCH = YES;
				SDKROOT = iphoneos;
				SWIFT_ACTIVE_COMPILATION_CONDITIONS = DEBUG;
				SWIFT_OPTIMIZATION_LEVEL = "-Onone";
			};
			name = Debug;
		};
		A5404E32268095D7009CBA6E /* Release */ = {
			isa = XCBuildConfiguration;
			buildSettings = {
				ALWAYS_SEARCH_USER_PATHS = NO;
				CLANG_ANALYZER_NONNULL = YES;
				CLANG_ANALYZER_NUMBER_OBJECT_CONVERSION = YES_AGGRESSIVE;
				CLANG_CXX_LANGUAGE_STANDARD = "gnu++14";
				CLANG_CXX_LIBRARY = "libc++";
				CLANG_ENABLE_MODULES = YES;
				CLANG_ENABLE_OBJC_ARC = YES;
				CLANG_ENABLE_OBJC_WEAK = YES;
				CLANG_WARN_BLOCK_CAPTURE_AUTORELEASING = YES;
				CLANG_WARN_BOOL_CONVERSION = YES;
				CLANG_WARN_COMMA = YES;
				CLANG_WARN_CONSTANT_CONVERSION = YES;
				CLANG_WARN_DEPRECATED_OBJC_IMPLEMENTATIONS = YES;
				CLANG_WARN_DIRECT_OBJC_ISA_USAGE = YES_ERROR;
				CLANG_WARN_DOCUMENTATION_COMMENTS = YES;
				CLANG_WARN_EMPTY_BODY = YES;
				CLANG_WARN_ENUM_CONVERSION = YES;
				CLANG_WARN_INFINITE_RECURSION = YES;
				CLANG_WARN_INT_CONVERSION = YES;
				CLANG_WARN_NON_LITERAL_NULL_CONVERSION = YES;
				CLANG_WARN_OBJC_IMPLICIT_RETAIN_SELF = YES;
				CLANG_WARN_OBJC_LITERAL_CONVERSION = YES;
				CLANG_WARN_OBJC_ROOT_CLASS = YES_ERROR;
				CLANG_WARN_QUOTED_INCLUDE_IN_FRAMEWORK_HEADER = YES;
				CLANG_WARN_RANGE_LOOP_ANALYSIS = YES;
				CLANG_WARN_STRICT_PROTOTYPES = YES;
				CLANG_WARN_SUSPICIOUS_MOVE = YES;
				CLANG_WARN_UNGUARDED_AVAILABILITY = YES_AGGRESSIVE;
				CLANG_WARN_UNREACHABLE_CODE = YES;
				CLANG_WARN__DUPLICATE_METHOD_MATCH = YES;
				COPY_PHASE_STRIP = NO;
				DEBUG_INFORMATION_FORMAT = "dwarf-with-dsym";
				ENABLE_NS_ASSERTIONS = NO;
				ENABLE_STRICT_OBJC_MSGSEND = YES;
				GCC_C_LANGUAGE_STANDARD = gnu11;
				GCC_NO_COMMON_BLOCKS = YES;
				GCC_WARN_64_TO_32_BIT_CONVERSION = YES;
				GCC_WARN_ABOUT_RETURN_TYPE = YES_ERROR;
				GCC_WARN_UNDECLARED_SELECTOR = YES;
				GCC_WARN_UNINITIALIZED_AUTOS = YES_AGGRESSIVE;
				GCC_WARN_UNUSED_FUNCTION = YES;
				GCC_WARN_UNUSED_VARIABLE = YES;
				IPHONEOS_DEPLOYMENT_TARGET = 14.5;
				MTL_ENABLE_DEBUG_INFO = NO;
				MTL_FAST_MATH = YES;
				SDKROOT = iphoneos;
				SWIFT_COMPILATION_MODE = wholemodule;
				SWIFT_OPTIMIZATION_LEVEL = "-O";
				VALIDATE_PRODUCT = YES;
			};
			name = Release;
		};
		A5404E34268095D7009CBA6E /* Debug */ = {
			isa = XCBuildConfiguration;
			buildSettings = {
				ASSETCATALOG_COMPILER_APPICON_NAME = AppIcon;
				ASSETCATALOG_COMPILER_GLOBAL_ACCENT_COLOR_NAME = AccentColor;
				CODE_SIGN_STYLE = Automatic;
				DEVELOPMENT_TEAM = TG4L9MF5FD;
				INFOPLIST_FILE = ImageSearch/Info.plist;
				LD_RUNPATH_SEARCH_PATHS = (
					"$(inherited)",
					"@executable_path/Frameworks",
				);
				PRODUCT_BUNDLE_IDENTIFIER = com.onceagain.ImageSearch;
				PRODUCT_NAME = "$(TARGET_NAME)";
				SWIFT_VERSION = 5.0;
				TARGETED_DEVICE_FAMILY = "1,2";
			};
			name = Debug;
		};
		A5404E35268095D7009CBA6E /* Release */ = {
			isa = XCBuildConfiguration;
			buildSettings = {
				ASSETCATALOG_COMPILER_APPICON_NAME = AppIcon;
				ASSETCATALOG_COMPILER_GLOBAL_ACCENT_COLOR_NAME = AccentColor;
				CODE_SIGN_STYLE = Automatic;
				DEVELOPMENT_TEAM = TG4L9MF5FD;
				INFOPLIST_FILE = ImageSearch/Info.plist;
				LD_RUNPATH_SEARCH_PATHS = (
					"$(inherited)",
					"@executable_path/Frameworks",
				);
				PRODUCT_BUNDLE_IDENTIFIER = com.onceagain.ImageSearch;
				PRODUCT_NAME = "$(TARGET_NAME)";
				SWIFT_VERSION = 5.0;
				TARGETED_DEVICE_FAMILY = "1,2";
			};
			name = Release;
		};
		A5404E37268095D7009CBA6E /* Debug */ = {
			isa = XCBuildConfiguration;
			buildSettings = {
				ALWAYS_EMBED_SWIFT_STANDARD_LIBRARIES = YES;
				BUNDLE_LOADER = "$(TEST_HOST)";
				CODE_SIGN_STYLE = Automatic;
				DEVELOPMENT_TEAM = TG4L9MF5FD;
				INFOPLIST_FILE = ImageSearchTests/Info.plist;
				IPHONEOS_DEPLOYMENT_TARGET = 14.5;
				LD_RUNPATH_SEARCH_PATHS = (
					"$(inherited)",
					"@executable_path/Frameworks",
					"@loader_path/Frameworks",
				);
				PRODUCT_BUNDLE_IDENTIFIER = com.onceagain.ImageSearchTests;
				PRODUCT_NAME = "$(TARGET_NAME)";
				SWIFT_VERSION = 5.0;
				TARGETED_DEVICE_FAMILY = "1,2";
				TEST_HOST = "$(BUILT_PRODUCTS_DIR)/ImageSearch.app/ImageSearch";
			};
			name = Debug;
		};
		A5404E38268095D7009CBA6E /* Release */ = {
			isa = XCBuildConfiguration;
			buildSettings = {
				ALWAYS_EMBED_SWIFT_STANDARD_LIBRARIES = YES;
				BUNDLE_LOADER = "$(TEST_HOST)";
				CODE_SIGN_STYLE = Automatic;
				DEVELOPMENT_TEAM = TG4L9MF5FD;
				INFOPLIST_FILE = ImageSearchTests/Info.plist;
				IPHONEOS_DEPLOYMENT_TARGET = 14.5;
				LD_RUNPATH_SEARCH_PATHS = (
					"$(inherited)",
					"@executable_path/Frameworks",
					"@loader_path/Frameworks",
				);
				PRODUCT_BUNDLE_IDENTIFIER = com.onceagain.ImageSearchTests;
				PRODUCT_NAME = "$(TARGET_NAME)";
				SWIFT_VERSION = 5.0;
				TARGETED_DEVICE_FAMILY = "1,2";
				TEST_HOST = "$(BUILT_PRODUCTS_DIR)/ImageSearch.app/ImageSearch";
			};
			name = Release;
		};
		A5404E3A268095D7009CBA6E /* Debug */ = {
			isa = XCBuildConfiguration;
			buildSettings = {
				ALWAYS_EMBED_SWIFT_STANDARD_LIBRARIES = YES;
				CODE_SIGN_STYLE = Automatic;
				DEVELOPMENT_TEAM = TG4L9MF5FD;
				INFOPLIST_FILE = ImageSearchUITests/Info.plist;
				LD_RUNPATH_SEARCH_PATHS = (
					"$(inherited)",
					"@executable_path/Frameworks",
					"@loader_path/Frameworks",
				);
				PRODUCT_BUNDLE_IDENTIFIER = com.onceagain.ImageSearchUITests;
				PRODUCT_NAME = "$(TARGET_NAME)";
				SWIFT_VERSION = 5.0;
				TARGETED_DEVICE_FAMILY = "1,2";
				TEST_TARGET_NAME = ImageSearch;
			};
			name = Debug;
		};
		A5404E3B268095D7009CBA6E /* Release */ = {
			isa = XCBuildConfiguration;
			buildSettings = {
				ALWAYS_EMBED_SWIFT_STANDARD_LIBRARIES = YES;
				CODE_SIGN_STYLE = Automatic;
				DEVELOPMENT_TEAM = TG4L9MF5FD;
				INFOPLIST_FILE = ImageSearchUITests/Info.plist;
				LD_RUNPATH_SEARCH_PATHS = (
					"$(inherited)",
					"@executable_path/Frameworks",
					"@loader_path/Frameworks",
				);
				PRODUCT_BUNDLE_IDENTIFIER = com.onceagain.ImageSearchUITests;
				PRODUCT_NAME = "$(TARGET_NAME)";
				SWIFT_VERSION = 5.0;
				TARGETED_DEVICE_FAMILY = "1,2";
				TEST_TARGET_NAME = ImageSearch;
			};
			name = Release;
		};
/* End XCBuildConfiguration section */

/* Begin XCConfigurationList section */
		A5404E04268095D6009CBA6E /* Build configuration list for PBXProject "ImageSearch" */ = {
			isa = XCConfigurationList;
			buildConfigurations = (
				A5404E31268095D7009CBA6E /* Debug */,
				A5404E32268095D7009CBA6E /* Release */,
			);
			defaultConfigurationIsVisible = 0;
			defaultConfigurationName = Release;
		};
		A5404E33268095D7009CBA6E /* Build configuration list for PBXNativeTarget "ImageSearch" */ = {
			isa = XCConfigurationList;
			buildConfigurations = (
				A5404E34268095D7009CBA6E /* Debug */,
				A5404E35268095D7009CBA6E /* Release */,
			);
			defaultConfigurationIsVisible = 0;
			defaultConfigurationName = Release;
		};
		A5404E36268095D7009CBA6E /* Build configuration list for PBXNativeTarget "ImageSearchTests" */ = {
			isa = XCConfigurationList;
			buildConfigurations = (
				A5404E37268095D7009CBA6E /* Debug */,
				A5404E38268095D7009CBA6E /* Release */,
			);
			defaultConfigurationIsVisible = 0;
			defaultConfigurationName = Release;
		};
		A5404E39268095D7009CBA6E /* Build configuration list for PBXNativeTarget "ImageSearchUITests" */ = {
			isa = XCConfigurationList;
			buildConfigurations = (
				A5404E3A268095D7009CBA6E /* Debug */,
				A5404E3B268095D7009CBA6E /* Release */,
			);
			defaultConfigurationIsVisible = 0;
			defaultConfigurationName = Release;
		};
/* End XCConfigurationList section */
	};
	rootObject = A5404E01268095D6009CBA6E /* Project object */;
}
